
Microsoft Visual Studio Solution File, Format Version 12.00
# Visual Studio Version 17
VisualStudioVersion = 17.5.33516.290
MinimumVisualStudioVersion = 10.0.40219.1
Project("{9A19103F-16F7-4668-BE54-9A1E7A4F7556}") = "Leapy", "Leapy.csproj", "{6DFF01C4-DD0E-4B01-A4F6-33BDA76A1A9F}"
EndProject
Project("{9A19103F-16F7-4668-BE54-9A1E7A4F7556}") = "Leapy.Logic", "..\Leapy.Logic\Leapy.Logic.csproj", "{98D7C3C9-F356-4780-A10F-25A7A45009BE}"
EndProject
Project("{9A19103F-16F7-4668-BE54-9A1E7A4F7556}") = "Leapy.Data", "..\Leapy.Data\Leapy.Data.csproj", "{9B8B475B-79F7-4D16-804E-31DA8C1EC608}"
EndProject
Project("{9A19103F-16F7-4668-BE54-9A1E7A4F7556}") = "Leapy.DTO", "..\Leapy.DTO\Leapy.DTO.csproj", "{9F98875F-3860-4421-B3A9-C0EB9B0AB98B}"
EndProject
Project("{9A19103F-16F7-4668-BE54-9A1E7A4F7556}") = "Leapy.Factory", "..\Leapy.Factory\Leapy.Factory.csproj", "{4B7BA2BE-2323-4993-BE34-6470679BF144}"
EndProject
Project("{9A19103F-16F7-4668-BE54-9A1E7A4F7556}") = "Leapy.Interfaces", "..\Leapy.Interfaces\Leapy.Interfaces.csproj", "{E734B0C9-6531-4645-A9E9-BF89F1D9F454}"
EndProject
Project("{9A19103F-16F7-4668-BE54-9A1E7A4F7556}") = "Leapy.Models", "..\Leapy.Models\Leapy.Models.csproj", "{72AD2528-18F7-4E1B-8029-2FFD418B0EE7}"
EndProject
Project("{FAE04EC0-301F-11D3-BF4B-00C04F79EFBC}") = "Leapy.UnitTests", "..\LeapyUnitTests\Leapy.UnitTests.csproj", "{5532A649-FCCC-4444-AF45-47EEC02ADDC2}"
EndProject
Global
	GlobalSection(SolutionConfigurationPlatforms) = preSolution
		Debug|Any CPU = Debug|Any CPU
		Release|Any CPU = Release|Any CPU
	EndGlobalSection
	GlobalSection(ProjectConfigurationPlatforms) = postSolution
		{6DFF01C4-DD0E-4B01-A4F6-33BDA76A1A9F}.Debug|Any CPU.ActiveCfg = Debug|Any CPU
		{6DFF01C4-DD0E-4B01-A4F6-33BDA76A1A9F}.Debug|Any CPU.Build.0 = Debug|Any CPU
		{6DFF01C4-DD0E-4B01-A4F6-33BDA76A1A9F}.Release|Any CPU.ActiveCfg = Release|Any CPU
		{6DFF01C4-DD0E-4B01-A4F6-33BDA76A1A9F}.Release|Any CPU.Build.0 = Release|Any CPU
		{98D7C3C9-F356-4780-A10F-25A7A45009BE}.Debug|Any CPU.ActiveCfg = Debug|Any CPU
		{98D7C3C9-F356-4780-A10F-25A7A45009BE}.Debug|Any CPU.Build.0 = Debug|Any CPU
		{98D7C3C9-F356-4780-A10F-25A7A45009BE}.Release|Any CPU.ActiveCfg = Release|Any CPU
		{98D7C3C9-F356-4780-A10F-25A7A45009BE}.Release|Any CPU.Build.0 = Release|Any CPU
		{9B8B475B-79F7-4D16-804E-31DA8C1EC608}.Debug|Any CPU.ActiveCfg = Debug|Any CPU
		{9B8B475B-79F7-4D16-804E-31DA8C1EC608}.Debug|Any CPU.Build.0 = Debug|Any CPU
		{9B8B475B-79F7-4D16-804E-31DA8C1EC608}.Release|Any CPU.ActiveCfg = Release|Any CPU
		{9B8B475B-79F7-4D16-804E-31DA8C1EC608}.Release|Any CPU.Build.0 = Release|Any CPU
		{9F98875F-3860-4421-B3A9-C0EB9B0AB98B}.Debug|Any CPU.ActiveCfg = Debug|Any CPU
		{9F98875F-3860-4421-B3A9-C0EB9B0AB98B}.Debug|Any CPU.Build.0 = Debug|Any CPU
		{9F98875F-3860-4421-B3A9-C0EB9B0AB98B}.Release|Any CPU.ActiveCfg = Release|Any CPU
		{9F98875F-3860-4421-B3A9-C0EB9B0AB98B}.Release|Any CPU.Build.0 = Release|Any CPU
		{4B7BA2BE-2323-4993-BE34-6470679BF144}.Debug|Any CPU.ActiveCfg = Debug|Any CPU
		{4B7BA2BE-2323-4993-BE34-6470679BF144}.Debug|Any CPU.Build.0 = Debug|Any CPU
		{4B7BA2BE-2323-4993-BE34-6470679BF144}.Release|Any CPU.ActiveCfg = Release|Any CPU
		{4B7BA2BE-2323-4993-BE34-6470679BF144}.Release|Any CPU.Build.0 = Release|Any CPU
		{E734B0C9-6531-4645-A9E9-BF89F1D9F454}.Debug|Any CPU.ActiveCfg = Debug|Any CPU
		{E734B0C9-6531-4645-A9E9-BF89F1D9F454}.Debug|Any CPU.Build.0 = Debug|Any CPU
		{E734B0C9-6531-4645-A9E9-BF89F1D9F454}.Release|Any CPU.ActiveCfg = Release|Any CPU
		{E734B0C9-6531-4645-A9E9-BF89F1D9F454}.Release|Any CPU.Build.0 = Release|Any CPU
		{72AD2528-18F7-4E1B-8029-2FFD418B0EE7}.Debug|Any CPU.ActiveCfg = Debug|Any CPU
		{72AD2528-18F7-4E1B-8029-2FFD418B0EE7}.Debug|Any CPU.Build.0 = Debug|Any CPU
		{72AD2528-18F7-4E1B-8029-2FFD418B0EE7}.Release|Any CPU.ActiveCfg = Release|Any CPU
		{72AD2528-18F7-4E1B-8029-2FFD418B0EE7}.Release|Any CPU.Build.0 = Release|Any CPU
		{5532A649-FCCC-4444-AF45-47EEC02ADDC2}.Debug|Any CPU.ActiveCfg = Debug|Any CPU
		{5532A649-FCCC-4444-AF45-47EEC02ADDC2}.Debug|Any CPU.Build.0 = Debug|Any CPU
		{5532A649-FCCC-4444-AF45-47EEC02ADDC2}.Release|Any CPU.ActiveCfg = Release|Any CPU
		{5532A649-FCCC-4444-AF45-47EEC02ADDC2}.Release|Any CPU.Build.0 = Release|Any CPU
	EndGlobalSection
	GlobalSection(SolutionProperties) = preSolution
		HideSolutionNode = FALSE
	EndGlobalSection
	GlobalSection(ExtensibilityGlobals) = postSolution
		SolutionGuid = {505B7744-9757-4835-ADF4-A297C1103408}
	EndGlobalSection
EndGlobal
